// !$*UTF8*$!
{
	archiveVersion = 1;
	classes = {
	};
	objectVersion = 50;
	objects = {

/* Begin PBXBuildFile section */
		6F3BB19A2474BD380077EDDC /* AppDelegate.swift in Sources */ = {isa = PBXBuildFile; fileRef = 6F3BB1992474BD380077EDDC /* AppDelegate.swift */; };
		6F3BB19C2474BD380077EDDC /* SceneDelegate.swift in Sources */ = {isa = PBXBuildFile; fileRef = 6F3BB19B2474BD380077EDDC /* SceneDelegate.swift */; };
		6F3BB19E2474BD380077EDDC /* ViewController.swift in Sources */ = {isa = PBXBuildFile; fileRef = 6F3BB19D2474BD380077EDDC /* ViewController.swift */; };
		6F3BB1A12474BD380077EDDC /* Main.storyboard in Resources */ = {isa = PBXBuildFile; fileRef = 6F3BB19F2474BD380077EDDC /* Main.storyboard */; };
		6F3BB1A32474BD3F0077EDDC /* Assets.xcassets in Resources */ = {isa = PBXBuildFile; fileRef = 6F3BB1A22474BD3F0077EDDC /* Assets.xcassets */; };
		6F3BB1A62474BD3F0077EDDC /* LaunchScreen.storyboard in Resources */ = {isa = PBXBuildFile; fileRef = 6F3BB1A42474BD3F0077EDDC /* LaunchScreen.storyboard */; };
		6F3BB1AE2474BD650077EDDC /* DrawingView.swift in Sources */ = {isa = PBXBuildFile; fileRef = 6F3BB1AD2474BD650077EDDC /* DrawingView.swift */; };
		6F3BB1B02474BFF30077EDDC /* UIView+Constraints.swift in Sources */ = {isa = PBXBuildFile; fileRef = 6F3BB1AF2474BFF30077EDDC /* UIView+Constraints.swift */; };
/* End PBXBuildFile section */

/* Begin PBXFileReference section */
		6F3BB1962474BD380077EDDC /* DrawingTutorial.app */ = {isa = PBXFileReference; explicitFileType = wrapper.application; includeInIndex = 0; path = DrawingTutorial.app; sourceTree = BUILT_PRODUCTS_DIR; };
		6F3BB1992474BD380077EDDC /* AppDelegate.swift */ = {isa = PBXFileReference; lastKnownFileType = sourcecode.swift; path = AppDelegate.swift; sourceTree = "<group>"; };
		6F3BB19B2474BD380077EDDC /* SceneDelegate.swift */ = {isa = PBXFileReference; lastKnownFileType = sourcecode.swift; path = SceneDelegate.swift; sourceTree = "<group>"; };
		6F3BB19D2474BD380077EDDC /* ViewController.swift */ = {isa = PBXFileReference; lastKnownFileType = sourcecode.swift; path = ViewController.swift; sourceTree = "<group>"; };
		6F3BB1A02474BD380077EDDC /* Base */ = {isa = PBXFileReference; lastKnownFileType = file.storyboard; name = Base; path = Base.lproj/Main.storyboard; sourceTree = "<group>"; };
		6F3BB1A22474BD3F0077EDDC /* Assets.xcassets */ = {isa = PBXFileReference; lastKnownFileType = folder.assetcatalog; path = Assets.xcassets; sourceTree = "<group>"; };
		6F3BB1A52474BD3F0077EDDC /* Base */ = {isa = PBXFileReference; lastKnownFileType = file.storyboard; name = Base; path = Base.lproj/LaunchScreen.storyboard; sourceTree = "<group>"; };
		6F3BB1A72474BD3F0077EDDC /* Info.plist */ = {isa = PBXFileReference; lastKnownFileType = text.plist.xml; path = Info.plist; sourceTree = "<group>"; };
		6F3BB1AD2474BD650077EDDC /* DrawingView.swift */ = {isa = PBXFileReference; lastKnownFileType = sourcecode.swift; path = DrawingView.swift; sourceTree = "<group>"; };
		6F3BB1AF2474BFF30077EDDC /* UIView+Constraints.swift */ = {isa = PBXFileReference; lastKnownFileType = sourcecode.swift; path = "UIView+Constraints.swift"; sourceTree = "<group>"; };
/* End PBXFileReference section */

/* Begin PBXFrameworksBuildPhase section */
		6F3BB1932474BD380077EDDC /* Frameworks */ = {
			isa = PBXFrameworksBuildPhase;
			buildActionMask = 2147483647;
			files = (
			);
			runOnlyForDeploymentPostprocessing = 0;
		};
/* End PBXFrameworksBuildPhase section */

/* Begin PBXGroup section */
		6F3BB18D2474BD380077EDDC = {
			isa = PBXGroup;
			children = (
				6F3BB1982474BD380077EDDC /* DrawingTutorial */,
				6F3BB1972474BD380077EDDC /* Products */,
			);
			sourceTree = "<group>";
		};
		6F3BB1972474BD380077EDDC /* Products */ = {
			isa = PBXGroup;
			children = (
				6F3BB1962474BD380077EDDC /* DrawingTutorial.app */,
			);
			name = Products;
			sourceTree = "<group>";
		};
		6F3BB1982474BD380077EDDC /* DrawingTutorial */ = {
			isa = PBXGroup;
			children = (
				6F3BB1992474BD380077EDDC /* AppDelegate.swift */,
				6F3BB19B2474BD380077EDDC /* SceneDelegate.swift */,
				6F3BB19D2474BD380077EDDC /* ViewController.swift */,
				6F3BB19F2474BD380077EDDC /* Main.storyboard */,
				6F3BB1A22474BD3F0077EDDC /* Assets.xcassets */,
				6F3BB1A42474BD3F0077EDDC /* LaunchScreen.storyboard */,
				6F3BB1A72474BD3F0077EDDC /* Info.plist */,
				6F3BB1AD2474BD650077EDDC /* DrawingView.swift */,
				6F3BB1AF2474BFF30077EDDC /* UIView+Constraints.swift */,
			);
			path = DrawingTutorial;
			sourceTree = "<group>";
		};
/* End PBXGroup section */

/* Begin PBXNativeTarget section */
		6F3BB1952474BD380077EDDC /* DrawingTutorial */ = {
			isa = PBXNativeTarget;
			buildConfigurationList = 6F3BB1AA2474BD3F0077EDDC /* Build configuration list for PBXNativeTarget "DrawingTutorial" */;
			buildPhases = (
				6F3BB1922474BD380077EDDC /* Sources */,
				6F3BB1932474BD380077EDDC /* Frameworks */,
				6F3BB1942474BD380077EDDC /* Resources */,
			);
			buildRules = (
			);
			dependencies = (
			);
			name = DrawingTutorial;
			productName = DrawingTutorial;
			productReference = 6F3BB1962474BD380077EDDC /* DrawingTutorial.app */;
			productType = "com.apple.product-type.application";
		};
/* End PBXNativeTarget section */

/* Begin PBXProject section */
		6F3BB18E2474BD380077EDDC /* Project object */ = {
			isa = PBXProject;
			attributes = {
				LastSwiftUpdateCheck = 1140;
				LastUpgradeCheck = 1140;
				ORGANIZATIONNAME = "Manuel Munoz";
				TargetAttributes = {
					6F3BB1952474BD380077EDDC = {
						CreatedOnToolsVersion = 11.4.1;
					};
				};
			};
			buildConfigurationList = 6F3BB1912474BD380077EDDC /* Build configuration list for PBXProject "DrawingTutorial" */;
			compatibilityVersion = "Xcode 9.3";
			developmentRegion = en;
			hasScannedForEncodings = 0;
			knownRegions = (
				en,
				Base,
			);
			mainGroup = 6F3BB18D2474BD380077EDDC;
			productRefGroup = 6F3BB1972474BD380077EDDC /* Products */;
			projectDirPath = "";
			projectRoot = "";
			targets = (
				6F3BB1952474BD380077EDDC /* DrawingTutorial */,
			);
		};
/* End PBXProject section */

/* Begin PBXResourcesBuildPhase section */
		6F3BB1942474BD380077EDDC /* Resources */ = {
			isa = PBXResourcesBuildPhase;
			buildActionMask = 2147483647;
			files = (
				6F3BB1A62474BD3F0077EDDC /* LaunchScreen.storyboard in Resources */,
				6F3BB1A32474BD3F0077EDDC /* Assets.xcassets in Resources */,
				6F3BB1A12474BD380077EDDC /* Main.storyboard in Resources */,
			);
			runOnlyForDeploymentPostprocessing = 0;
		};
/* End PBXResourcesBuildPhase section */

/* Begin PBXSourcesBuildPhase section */
		6F3BB1922474BD380077EDDC /* Sources */ = {
			isa = PBXSourcesBuildPhase;
			buildActionMask = 2147483647;
			files = (
				6F3BB19E2474BD380077EDDC /* ViewController.swift in Sources */,
				6F3BB19A2474BD380077EDDC /* AppDelegate.swift in Sources */,
				6F3BB1B02474BFF30077EDDC /* UIView+Constraints.swift in Sources */,
				6F3BB19C2474BD380077EDDC /* SceneDelegate.swift in Sources */,
				6F3BB1AE2474BD650077EDDC /* DrawingView.swift in Sources */,
			);
			runOnlyForDeploymentPostprocessing = 0;
		};
/* End PBXSourcesBuildPhase section */

/* Begin PBXVariantGroup section */
		6F3BB19F2474BD380077EDDC /* Main.storyboard */ = {
			isa = PBXVariantGroup;
			children = (
				6F3BB1A02474BD380077EDDC /* Base */,
			);
			name = Main.storyboard;
			sourceTree = "<group>";
		};
		6F3BB1A42474BD3F0077EDDC /* LaunchScreen.storyboard */ = {
			isa = PBXVariantGroup;
			children = (
				6F3BB1A52474BD3F0077EDDC /* Base */,
			);
			name = LaunchScreen.storyboard;
			sourceTree = "<group>";
		};
/* End PBXVariantGroup section */

/* Begin XCBuildConfiguration section */
		6F3BB1A82474BD3F0077EDDC /* Debug */ = {
			isa = XCBuildConfiguration;
			buildSettings = {
				ALWAYS_SEARCH_USER_PATHS = NO;
				CLANG_ANALYZER_NONNULL = YES;
				CLANG_ANALYZER_NUMBER_OBJECT_CONVERSION = YES_AGGRESSIVE;
				CLANG_CXX_LANGUAGE_STANDARD = "gnu++14";
				CLANG_CXX_LIBRARY = "libc++";
				CLANG_ENABLE_MODULES = YES;
				CLANG_ENABLE_OBJC_ARC = YES;
				CLANG_ENABLE_OBJC_WEAK = YES;
				CLANG_WARN_BLOCK_CAPTURE_AUTORELEASING = YES;
				CLANG_WARN_BOOL_CONVERSION = YES;
				CLANG_WARN_COMMA = YES;
				CLANG_WARN_CONSTANT_CONVERSION = YES;
				CLANG_WARN_DEPRECATED_OBJC_IMPLEMENTATIONS = YES;
				CLANG_WARN_DIRECT_OBJC_ISA_USAGE = YES_ERROR;
				CLANG_WARN_DOCUMENTATION_COMMENTS = YES;
				CLANG_WARN_EMPTY_BODY = YES;
				CLANG_WARN_ENUM_CONVERSION = YES;
				CLANG_WARN_INFINITE_RECURSION = YES;
				CLANG_WARN_INT_CONVERSION = YES;
				CLANG_WARN_NON_LITERAL_NULL_CONVERSION = YES;
				CLANG_WARN_OBJC_IMPLICIT_RETAIN_SELF = YES;
				CLANG_WARN_OBJC_LITERAL_CONVERSION = YES;
				CLANG_WARN_OBJC_ROOT_CLASS = YES_ERROR;
				CLANG_WARN_RANGE_LOOP_ANALYSIS = YES;
				CLANG_WARN_STRICT_PROTOTYPES = YES;
				CLANG_WARN_SUSPICIOUS_MOVE = YES;
				CLANG_WARN_UNGUARDED_AVAILABILITY = YES_AGGRESSIVE;
				CLANG_WARN_UNREACHABLE_CODE = YES;
				CLANG_WARN__DUPLICATE_METHOD_MATCH = YES;
				COPY_PHASE_STRIP = NO;
				DEBUG_INFORMATION_FORMAT = dwarf;
				ENABLE_STRICT_OBJC_MSGSEND = YES;
				ENABLE_TESTABILITY = YES;
				GCC_C_LANGUAGE_STANDARD = gnu11;
				GCC_DYNAMIC_NO_PIC = NO;
				GCC_NO_COMMON_BLOCKS = YES;
				GCC_OPTIMIZATION_LEVEL = 0;
				GCC_PREPROCESSOR_DEFINITIONS = (
					"DEBUG=1",
					"$(inherited)",
				);
				GCC_WARN_64_TO_32_BIT_CONVERSION = YES;
				GCC_WARN_ABOUT_RETURN_TYPE = YES_ERROR;
				GCC_WARN_UNDECLARED_SELECTOR = YES;
				GCC_WARN_UNINITIALIZED_AUTOS = YES_AGGRESSIVE;
				GCC_WARN_UNUSED_FUNCTION = YES;
				GCC_WARN_UNUSED_VARIABLE = YES;
				IPHONEOS_DEPLOYMENT_TARGET = 13.4;
				MTL_ENABLE_DEBUG_INFO = INCLUDE_SOURCE;
				MTL_FAST_MATH = YES;
				ONLY_ACTIVE_ARCH = YES;
				SDKROOT = iphoneos;
				SWIFT_ACTIVE_COMPILATION_CONDITIONS = DEBUG;
				SWIFT_OPTIMIZATION_LEVEL = "-Onone";
			};
			name = Debug;
		};
		6F3BB1A92474BD3F0077EDDC /* Release */ = {
			isa = XCBuildConfiguration;
			buildSettings = {
				ALWAYS_SEARCH_USER_PATHS = NO;
				CLANG_ANALYZER_NONNULL = YES;
				CLANG_ANALYZER_NUMBER_OBJECT_CONVERSION = YES_AGGRESSIVE;
				CLANG_CXX_LANGUAGE_STANDARD = "gnu++14";
				CLANG_CXX_LIBRARY = "libc++";
				CLANG_ENABLE_MODULES = YES;
				CLANG_ENABLE_OBJC_ARC = YES;
				CLANG_ENABLE_OBJC_WEAK = YES;
				CLANG_WARN_BLOCK_CAPTURE_AUTORELEASING = YES;
				CLANG_WARN_BOOL_CONVERSION = YES;
				CLANG_WARN_COMMA = YES;
				CLANG_WARN_CONSTANT_CONVERSION = YES;
				CLANG_WARN_DEPRECATED_OBJC_IMPLEMENTATIONS = YES;
				CLANG_WARN_DIRECT_OBJC_ISA_USAGE = YES_ERROR;
				CLANG_WARN_DOCUMENTATION_COMMENTS = YES;
				CLANG_WARN_EMPTY_BODY = YES;
				CLANG_WARN_ENUM_CONVERSION = YES;
				CLANG_WARN_INFINITE_RECURSION = YES;
				CLANG_WARN_INT_CONVERSION = YES;
				CLANG_WARN_NON_LITERAL_NULL_CONVERSION = YES;
				CLANG_WARN_OBJC_IMPLICIT_RETAIN_SELF = YES;
				CLANG_WARN_OBJC_LITERAL_CONVERSION = YES;
				CLANG_WARN_OBJC_ROOT_CLASS = YES_ERROR;
				CLANG_WARN_RANGE_LOOP_ANALYSIS = YES;
				CLANG_WARN_STRICT_PROTOTYPES = YES;
				CLANG_WARN_SUSPICIOUS_MOVE = YES;
				CLANG_WARN_UNGUARDED_AVAILABILITY = YES_AGGRESSIVE;
				CLANG_WARN_UNREACHABLE_CODE = YES;
				CLANG_WARN__DUPLICATE_METHOD_MATCH = YES;
				COPY_PHASE_STRIP = NO;
				DEBUG_INFORMATION_FORMAT = "dwarf-with-dsym";
				ENABLE_NS_ASSERTIONS = NO;
				ENABLE_STRICT_OBJC_MSGSEND = YES;
				GCC_C_LANGUAGE_STANDARD = gnu11;
				GCC_NO_COMMON_BLOCKS = YES;
				GCC_WARN_64_TO_32_BIT_CONVERSION = YES;
				GCC_WARN_ABOUT_RETURN_TYPE = YES_ERROR;
				GCC_WARN_UNDECLARED_SELECTOR = YES;
				GCC_WARN_UNINITIALIZED_AUTOS = YES_AGGRESSIVE;
				GCC_WARN_UNUSED_FUNCTION = YES;
				GCC_WARN_UNUSED_VARIABLE = YES;
				IPHONEOS_DEPLOYMENT_TARGET = 13.4;
				MTL_ENABLE_DEBUG_INFO = NO;
				MTL_FAST_MATH = YES;
				SDKROOT = iphoneos;
				SWIFT_COMPILATION_MODE = wholemodule;
				SWIFT_OPTIMIZATION_LEVEL = "-O";
				VALIDATE_PRODUCT = YES;
			};
			name = Release;
		};
		6F3BB1AB2474BD3F0077EDDC /* Debug */ = {
			isa = XCBuildConfiguration;
			buildSettings = {
				ASSETCATALOG_COMPILER_APPICON_NAME = AppIcon;
				CODE_SIGN_STYLE = Automatic;
				INFOPLIST_FILE = DrawingTutorial/Info.plist;
				LD_RUNPATH_SEARCH_PATHS = (
					"$(inherited)",
					"@executable_path/Frameworks",
				);
				PRODUCT_BUNDLE_IDENTIFIER = com.manuelemr.DrawingTutorial;
				PRODUCT_NAME = "$(TARGET_NAME)";
				SWIFT_VERSION = 5.0;
				TARGETED_DEVICE_FAMILY = "1,2";
			};
			name = Debug;
		};
		6F3BB1AC2474BD3F0077EDDC /* Release */ = {
			isa = XCBuildConfiguration;
			buildSettings = {
				ASSETCATALOG_COMPILER_APPICON_NAME = AppIcon;
				CODE_SIGN_STYLE = Automatic;
				INFOPLIST_FILE = DrawingTutorial/Info.plist;
				LD_RUNPATH_SEARCH_PATHS = (
					"$(inherited)",
					"@executable_path/Frameworks",
				);
				PRODUCT_BUNDLE_IDENTIFIER = com.manuelemr.DrawingTutorial;
				PRODUCT_NAME = "$(TARGET_NAME)";
				SWIFT_VERSION = 5.0;
				TARGETED_DEVICE_FAMILY = "1,2";
			};
			name = Release;
		};
/* End XCBuildConfiguration section */

/* Begin XCConfigurationList section */
		6F3BB1912474BD380077EDDC /* Build configuration list for PBXProject "DrawingTutorial" */ = {
			isa = XCConfigurationList;
			buildConfigurations = (
				6F3BB1A82474BD3F0077EDDC /* Debug */,
				6F3BB1A92474BD3F0077EDDC /* Release */,
			);
			defaultConfigurationIsVisible = 0;
			defaultConfigurationName = Release;
		};
		6F3BB1AA2474BD3F0077EDDC /* Build configuration list for PBXNativeTarget "DrawingTutorial" */ = {
			isa = XCConfigurationList;
			buildConfigurations = (
				6F3BB1AB2474BD3F0077EDDC /* Debug */,
				6F3BB1AC2474BD3F0077EDDC /* Release */,
			);
			defaultConfigurationIsVisible = 0;
			defaultConfigurationName = Release;
		};
/* End XCConfigurationList section */
	};
	rootObject = 6F3BB18E2474BD380077EDDC /* Project object */;
}
